{
  "name": "node",
  "version": "1.0.0",
  "lockfileVersion": 1,
  "requires": true,
  "dependencies": {
    "@types/node": {
      "version": "16.11.26",
      "resolved": "https://registry.npmmirror.com/@types/node/-/node-16.11.26.tgz",
      "integrity": "sha512-GZ7bu5A6+4DtG7q9GsoHXy3ALcgeIHP4NnL0Vv2wu0uUB/yQex26v0tf6/na1mm0+bS9Uw+0DFex7aaKr2qawQ=="
    },
    "diskinfo": {
      "version": "0.0.3",
      "resolved": "https://registry.nlark.com/diskinfo/download/diskinfo-0.0.3.tgz",
      "integrity": "sha1-DUEDDwnTO1yXWRC8mrL9TZj2K/A="
    },
    "getmac": {
      "version": "5.20.0",
      "resolved": "https://registry.npmmirror.com/getmac/-/getmac-5.20.0.tgz",
      "integrity": "sha512-O9T855fb+Hx9dsTJHNv72ZUuA6Y18+BO/0ypPXf6s/tunzXqhc3kbQkNAl+9HVKVlwkWmglHS4LMoJ9YbymKYQ==",
      "requires": {
        "@types/node": "^16.4.7"
      }
    }
  }
}
